
Microsoft Visual Studio Solution File, Format Version 12.00
# Blend for Visual Studio 15
VisualStudioVersion = 15.0.26730.16
MinimumVisualStudioVersion = 10.0.40219.1
Project("{FAE04EC0-301F-11D3-BF4B-00C04F79EFBC}") = "QQL", "QQL\QQL.csproj", "{CFAD7FA7-6BDD-4434-9B0C-415698594216}"
EndProject
Global
	GlobalSection(SolutionConfigurationPlatforms) = preSolution
		Debug|Any CPU = Debug|Any CPU
		Release|Any CPU = Release|Any CPU
	EndGlobalSection
	GlobalSection(ProjectConfigurationPlatforms) = postSolution
		{CFAD7FA7-6BDD-4434-9B0C-415698594216}.Debug|Any CPU.ActiveCfg = Debug|Any CPU
		{CFAD7FA7-6BDD-4434-9B0C-415698594216}.Debug|Any CPU.Build.0 = Debug|Any CPU
		{CFAD7FA7-6BDD-4434-9B0C-415698594216}.Release|Any CPU.ActiveCfg = Release|Any CPU
		{CFAD7FA7-6BDD-4434-9B0C-415698594216}.Release|Any CPU.Build.0 = Release|Any CPU
	EndGlobalSection
	GlobalSection(SolutionProperties) = preSolution
		HideSolutionNode = FALSE
	EndGlobalSection
	GlobalSection(ExtensibilityGlobals) = postSolution
		SolutionGuid = {7F18BDF2-C610-46FC-81EF-2C8DEAB80F89}
	EndGlobalSection
EndGlobal
